{
  "object": {
    "pins": [
      {
        "package": "SwiftUIFlux",
        "repositoryURL": "https://github.com/Dimillian/SwiftUIFlux.git",
        "state": {
          "branch": null,
          "revision": "a48dd509702797028fa103844008239dded85063",
          "version": "0.5.1"
        }
      }
    ]
  },
  "version": 1
}
