{
  "object": {
    "pins": [
      {
        "package": "SwiftUIFlux",
        "repositoryURL": "https://github.com/Dimillian/SwiftUIFlux",
        "state": {
          "branch": null,
          "revision": "5fc4ddb0575ceeb0339e61cfc6ec71e2de248fba",
          "version": "0.3.4"
        }
      }
    ]
  },
  "version": 1
}
