{
  "object": {
    "pins": [
      {
        "package": "SwiftUIFlux",
        "repositoryURL": "https://github.com/Dimillian/SwiftUIFlux",
        "state": {
          "branch": null,
          "revision": "3d3a984c140b5277b58686054a5ec953543cd7ab",
          "version": "0.3.1"
        }
      }
    ]
  },
  "version": 1
}
