// !$*UTF8*$!
{
	archiveVersion = 1;
	classes = {
	};
	objectVersion = 50;
	objects = {

/* Begin PBXBuildFile section */
		6902647122B6CC8600459C2E /* MoviesCrewList.swift in Sources */ = {isa = PBXBuildFile; fileRef = 6902647022B6CC8600459C2E /* MoviesCrewList.swift */; };
		6902647322B6CE3200459C2E /* Keyword.swift in Sources */ = {isa = PBXBuildFile; fileRef = 6902647222B6CE3200459C2E /* Keyword.swift */; };
		6902647522B6CF6000459C2E /* MovieKeywords.swift in Sources */ = {isa = PBXBuildFile; fileRef = 6902647422B6CF6000459C2E /* MovieKeywords.swift */; };
		6902647722B6D04200459C2E /* KeywordBadge.swift in Sources */ = {isa = PBXBuildFile; fileRef = 6902647622B6D04200459C2E /* KeywordBadge.swift */; };
		6902647922B6D04B00459C2E /* RoundedBadge.swift in Sources */ = {isa = PBXBuildFile; fileRef = 6902647822B6D04B00459C2E /* RoundedBadge.swift */; };
		6902647B22B6D2B400459C2E /* MovieKeywordList.swift in Sources */ = {isa = PBXBuildFile; fileRef = 6902647A22B6D2B400459C2E /* MovieKeywordList.swift */; };
		6912B51122BE0F78005E51D4 /* BigMoviePosterImage.swift in Sources */ = {isa = PBXBuildFile; fileRef = 6912B51022BE0F78005E51D4 /* BigMoviePosterImage.swift */; };
		6912B51322BE1DB4005E51D4 /* MovieBackdropsRow.swift in Sources */ = {isa = PBXBuildFile; fileRef = 6912B51222BE1DB4005E51D4 /* MovieBackdropsRow.swift */; };
		6915D63922AD42A900DF0C5F /* MovieCrosslineRow.swift in Sources */ = {isa = PBXBuildFile; fileRef = 6915D63822AD42A900DF0C5F /* MovieCrosslineRow.swift */; };
		6915D63B22AD80EC00DF0C5F /* MyLists.swift in Sources */ = {isa = PBXBuildFile; fileRef = 6915D63A22AD80EC00DF0C5F /* MyLists.swift */; };
		6918454522BD7CB20011E742 /* MovieImage.swift in Sources */ = {isa = PBXBuildFile; fileRef = 6918454422BD7CB20011E742 /* MovieImage.swift */; };
		6918454922BDF2980011E742 /* MoviePostersRow.swift in Sources */ = {isa = PBXBuildFile; fileRef = 6918454822BDF2980011E742 /* MoviePostersRow.swift */; };
		691CE12822B58D4E00F7EDE8 /* NotificationBadge.swift in Sources */ = {isa = PBXBuildFile; fileRef = 691CE12722B58D4E00F7EDE8 /* NotificationBadge.swift */; };
		691E82CF22B54B4800170CEA /* Genre.swift in Sources */ = {isa = PBXBuildFile; fileRef = 691E82CE22B54B4800170CEA /* Genre.swift */; };
		691E82D222B54BCF00170CEA /* GenreBadge.swift in Sources */ = {isa = PBXBuildFile; fileRef = 691E82D122B54BCF00170CEA /* GenreBadge.swift */; };
		691E905722BF5A3D00AA23FE /* FHACondFrenchNC.otf in Resources */ = {isa = PBXBuildFile; fileRef = 691E905622BF5A3D00AA23FE /* FHACondFrenchNC.otf */; };
		691E905922BF5AE800AA23FE /* Font.swift in Sources */ = {isa = PBXBuildFile; fileRef = 691E905822BF5AE800AA23FE /* Font.swift */; };
		691E905B22BF6CA700AA23FE /* MovieAddToListRow.swift in Sources */ = {isa = PBXBuildFile; fileRef = 691E905A22BF6CA700AA23FE /* MovieAddToListRow.swift */; };
		6924393C22BF43D300C796CB /* MoviePostersCarouselView.swift in Sources */ = {isa = PBXBuildFile; fileRef = 6924393B22BF43D300C796CB /* MoviePostersCarouselView.swift */; };
		692AA62F22AD3DFA0054DA84 /* MoviesList.swift in Sources */ = {isa = PBXBuildFile; fileRef = 692AA62E22AD3DFA0054DA84 /* MoviesList.swift */; };
		692C57E722B8B06B00128DD3 /* BorderedButton.swift in Sources */ = {isa = PBXBuildFile; fileRef = 692C57E622B8B06B00128DD3 /* BorderedButton.swift */; };
		693CB0C122BB944E002D4C89 /* SearchField.swift in Sources */ = {isa = PBXBuildFile; fileRef = 693CB0C022BB944E002D4C89 /* SearchField.swift */; };
		694AA21D22B63B0F00F69725 /* PopularityBadge.swift in Sources */ = {isa = PBXBuildFile; fileRef = 694AA21C22B63B0F00F69725 /* PopularityBadge.swift */; };
		695882B122ACFB5800AFABA9 /* ImageLoader.swift in Sources */ = {isa = PBXBuildFile; fileRef = 695882B022ACFB5800AFABA9 /* ImageLoader.swift */; };
		695882B522AD008600AFABA9 /* TopRatedList.swift in Sources */ = {isa = PBXBuildFile; fileRef = 695882B422AD008600AFABA9 /* TopRatedList.swift */; };
		695882B822AD01C500AFABA9 /* MovieDetail.swift in Sources */ = {isa = PBXBuildFile; fileRef = 695882B722AD01C500AFABA9 /* MovieDetail.swift */; };
		695882BD22AD140E00AFABA9 /* UpcomingList.swift in Sources */ = {isa = PBXBuildFile; fileRef = 695882BC22AD140E00AFABA9 /* UpcomingList.swift */; };
		695882BF22AD197C00AFABA9 /* Cast.swift in Sources */ = {isa = PBXBuildFile; fileRef = 695882BE22AD197C00AFABA9 /* Cast.swift */; };
		695882C122AD19EF00AFABA9 /* CastResponse.swift in Sources */ = {isa = PBXBuildFile; fileRef = 695882C022AD19EF00AFABA9 /* CastResponse.swift */; };
		695882C322AD1A1E00AFABA9 /* CastsState.swift in Sources */ = {isa = PBXBuildFile; fileRef = 695882C222AD1A1E00AFABA9 /* CastsState.swift */; };
		695882C522AD1A4400AFABA9 /* CastsReducer.swift in Sources */ = {isa = PBXBuildFile; fileRef = 695882C422AD1A4400AFABA9 /* CastsReducer.swift */; };
		695882C722AD1AB500AFABA9 /* CastsActions.swift in Sources */ = {isa = PBXBuildFile; fileRef = 695882C622AD1AB500AFABA9 /* CastsActions.swift */; };
		695882C922AD2BC700AFABA9 /* MovieBackdrop.swift in Sources */ = {isa = PBXBuildFile; fileRef = 695882C822AD2BC700AFABA9 /* MovieBackdrop.swift */; };
		695882CB22AD2C4700AFABA9 /* MovieOverview.swift in Sources */ = {isa = PBXBuildFile; fileRef = 695882CA22AD2C4700AFABA9 /* MovieOverview.swift */; };
		695882CD22AD2F3000AFABA9 /* MovieCrosslinePeopleRow.swift in Sources */ = {isa = PBXBuildFile; fileRef = 695882CC22AD2F3000AFABA9 /* MovieCrosslinePeopleRow.swift */; };
		695BBE3F22B96FAE000C7539 /* CustomListRow.swift in Sources */ = {isa = PBXBuildFile; fileRef = 695BBE3E22B96FAE000C7539 /* CustomListRow.swift */; };
		695D55DD22B2316C00F4E68C /* Color.swift in Sources */ = {isa = PBXBuildFile; fileRef = 695D55DC22B2316C00F4E68C /* Color.swift */; };
		695D55DF22B2326800F4E68C /* MoviePosterImage.swift in Sources */ = {isa = PBXBuildFile; fileRef = 695D55DE22B2326800F4E68C /* MoviePosterImage.swift */; };
		696B43E722BF9E3D008B3D56 /* DiscoverFilter.swift in Sources */ = {isa = PBXBuildFile; fileRef = 696B43E622BF9E3D008B3D56 /* DiscoverFilter.swift */; };
		696B43E922BFA286008B3D56 /* DiscoverFilterForm.swift in Sources */ = {isa = PBXBuildFile; fileRef = 696B43E822BFA286008B3D56 /* DiscoverFilterForm.swift */; };
		697376E422BE9E7C00BC9A3B /* NowPlayingList.swift in Sources */ = {isa = PBXBuildFile; fileRef = 697376E322BE9E7C00BC9A3B /* NowPlayingList.swift */; };
		697C5C2022B6414D00BAE7B5 /* MovieRatingRow.swift in Sources */ = {isa = PBXBuildFile; fileRef = 697C5C1F22B6414D00BAE7B5 /* MovieRatingRow.swift */; };
		697C5C2222B6428E00BAE7B5 /* Review.swift in Sources */ = {isa = PBXBuildFile; fileRef = 697C5C2122B6428E00BAE7B5 /* Review.swift */; };
		697C5C2522B6434A00BAE7B5 /* MovieReviews.swift in Sources */ = {isa = PBXBuildFile; fileRef = 697C5C2422B6434A00BAE7B5 /* MovieReviews.swift */; };
		697C5C2722B647CF00BAE7B5 /* ReviewRow.swift in Sources */ = {isa = PBXBuildFile; fileRef = 697C5C2622B647CF00BAE7B5 /* ReviewRow.swift */; };
		699F929E22AAD7F000825DC7 /* ImageService.swift in Sources */ = {isa = PBXBuildFile; fileRef = 699F929D22AAD7F000825DC7 /* ImageService.swift */; };
		69B2560522A9BDD5009F4413 /* MovieRow.swift in Sources */ = {isa = PBXBuildFile; fileRef = 69B2560422A9BDD5009F4413 /* MovieRow.swift */; };
		69B2560822AAD1C1009F4413 /* Tabbar.swift in Sources */ = {isa = PBXBuildFile; fileRef = 69B2560722AAD1C1009F4413 /* Tabbar.swift */; };
		69B2560C22AAD1D5009F4413 /* PopularList.swift in Sources */ = {isa = PBXBuildFile; fileRef = 69B2560B22AAD1D5009F4413 /* PopularList.swift */; };
		69D1D76D22BE57390084C692 /* MoviesHome.swift in Sources */ = {isa = PBXBuildFile; fileRef = 69D1D76C22BE57390084C692 /* MoviesHome.swift */; };
		69DEA9A622B9027200DFF551 /* CustomListForm.swift in Sources */ = {isa = PBXBuildFile; fileRef = 69DEA9A522B9027200DFF551 /* CustomListForm.swift */; };
		69DEA9A822B904CB00DFF551 /* CustomList.swift in Sources */ = {isa = PBXBuildFile; fileRef = 69DEA9A722B904CB00DFF551 /* CustomList.swift */; };
		69EE5F1722B638CA0053A84A /* MovieBackdropImage.swift in Sources */ = {isa = PBXBuildFile; fileRef = 69EE5F1622B638CA0053A84A /* MovieBackdropImage.swift */; };
		69EE5F1922B639030053A84A /* MovieBackdropInfo.swift in Sources */ = {isa = PBXBuildFile; fileRef = 69EE5F1822B639030053A84A /* MovieBackdropInfo.swift */; };
		69FB61E422BA217C00CBEEC7 /* DiscoverView.swift in Sources */ = {isa = PBXBuildFile; fileRef = 69FB61E322BA217C00CBEEC7 /* DiscoverView.swift */; };
		69FB61E622BA245100CBEEC7 /* DraggableCover.swift in Sources */ = {isa = PBXBuildFile; fileRef = 69FB61E522BA245100CBEEC7 /* DraggableCover.swift */; };
		69FB61E822BA2A2D00CBEEC7 /* CustomListDetail.swift in Sources */ = {isa = PBXBuildFile; fileRef = 69FB61E722BA2A2D00CBEEC7 /* CustomListDetail.swift */; };
		69FB61EB22BA2E1900CBEEC7 /* DiscoverCoverImage.swift in Sources */ = {isa = PBXBuildFile; fileRef = 69FB61EA22BA2E1900CBEEC7 /* DiscoverCoverImage.swift */; };
		69FD020C22B55268003E529E /* MoviesGenreList.swift in Sources */ = {isa = PBXBuildFile; fileRef = 69FD020B22B55268003E529E /* MoviesGenreList.swift */; };
		69FFAF8022A99F1100801F3C /* AppDelegate.swift in Sources */ = {isa = PBXBuildFile; fileRef = 69FFAF7F22A99F1100801F3C /* AppDelegate.swift */; };
		69FFAF8222A99F1100801F3C /* SceneDelegate.swift in Sources */ = {isa = PBXBuildFile; fileRef = 69FFAF8122A99F1100801F3C /* SceneDelegate.swift */; };
		69FFAF8622A99F1200801F3C /* Assets.xcassets in Resources */ = {isa = PBXBuildFile; fileRef = 69FFAF8522A99F1200801F3C /* Assets.xcassets */; };
		69FFAF8922A99F1200801F3C /* Preview Assets.xcassets in Resources */ = {isa = PBXBuildFile; fileRef = 69FFAF8822A99F1200801F3C /* Preview Assets.xcassets */; };
		69FFAF8C22A99F1200801F3C /* LaunchScreen.storyboard in Resources */ = {isa = PBXBuildFile; fileRef = 69FFAF8A22A99F1200801F3C /* LaunchScreen.storyboard */; };
		69FFAF9822A9A12800801F3C /* APIService.swift in Sources */ = {isa = PBXBuildFile; fileRef = 69FFAF9722A9A12800801F3C /* APIService.swift */; };
		69FFAF9B22A9A66200801F3C /* Movie.swift in Sources */ = {isa = PBXBuildFile; fileRef = 69FFAF9A22A9A66200801F3C /* Movie.swift */; };
		69FFAF9D22A9A6D500801F3C /* PaginatedResponse.swift in Sources */ = {isa = PBXBuildFile; fileRef = 69FFAF9C22A9A6D500801F3C /* PaginatedResponse.swift */; };
		69FFAFA122A9A9F600801F3C /* Reducer.swift in Sources */ = {isa = PBXBuildFile; fileRef = 69FFAFA022A9A9F600801F3C /* Reducer.swift */; };
		69FFAFA422A9AA2600801F3C /* Action.swift in Sources */ = {isa = PBXBuildFile; fileRef = 69FFAFA322A9AA2600801F3C /* Action.swift */; };
		69FFAFA622A9AA3500801F3C /* FluxState.swift in Sources */ = {isa = PBXBuildFile; fileRef = 69FFAFA522A9AA3500801F3C /* FluxState.swift */; };
		69FFAFA822A9AA4900801F3C /* AppStore.swift in Sources */ = {isa = PBXBuildFile; fileRef = 69FFAFA722A9AA4900801F3C /* AppStore.swift */; };
		69FFAFAA22A9AA6500801F3C /* MoviesState.swift in Sources */ = {isa = PBXBuildFile; fileRef = 69FFAFA922A9AA6500801F3C /* MoviesState.swift */; };
		69FFAFAC22A9AABB00801F3C /* MoviesReducer.swift in Sources */ = {isa = PBXBuildFile; fileRef = 69FFAFAB22A9AABB00801F3C /* MoviesReducer.swift */; };
		69FFAFAE22A9AB1D00801F3C /* MoviesActions.swift in Sources */ = {isa = PBXBuildFile; fileRef = 69FFAFAD22A9AB1D00801F3C /* MoviesActions.swift */; };
/* End PBXBuildFile section */

/* Begin PBXFileReference section */
		6902647022B6CC8600459C2E /* MoviesCrewList.swift */ = {isa = PBXFileReference; lastKnownFileType = sourcecode.swift; path = MoviesCrewList.swift; sourceTree = "<group>"; };
		6902647222B6CE3200459C2E /* Keyword.swift */ = {isa = PBXFileReference; lastKnownFileType = sourcecode.swift; path = Keyword.swift; sourceTree = "<group>"; };
		6902647422B6CF6000459C2E /* MovieKeywords.swift */ = {isa = PBXFileReference; lastKnownFileType = sourcecode.swift; path = MovieKeywords.swift; sourceTree = "<group>"; };
		6902647622B6D04200459C2E /* KeywordBadge.swift */ = {isa = PBXFileReference; lastKnownFileType = sourcecode.swift; path = KeywordBadge.swift; sourceTree = "<group>"; };
		6902647822B6D04B00459C2E /* RoundedBadge.swift */ = {isa = PBXFileReference; lastKnownFileType = sourcecode.swift; path = RoundedBadge.swift; sourceTree = "<group>"; };
		6902647A22B6D2B400459C2E /* MovieKeywordList.swift */ = {isa = PBXFileReference; lastKnownFileType = sourcecode.swift; path = MovieKeywordList.swift; sourceTree = "<group>"; };
		6912B51022BE0F78005E51D4 /* BigMoviePosterImage.swift */ = {isa = PBXFileReference; lastKnownFileType = sourcecode.swift; path = BigMoviePosterImage.swift; sourceTree = "<group>"; };
		6912B51222BE1DB4005E51D4 /* MovieBackdropsRow.swift */ = {isa = PBXFileReference; lastKnownFileType = sourcecode.swift; path = MovieBackdropsRow.swift; sourceTree = "<group>"; };
		6915D63822AD42A900DF0C5F /* MovieCrosslineRow.swift */ = {isa = PBXFileReference; lastKnownFileType = sourcecode.swift; path = MovieCrosslineRow.swift; sourceTree = "<group>"; };
		6915D63A22AD80EC00DF0C5F /* MyLists.swift */ = {isa = PBXFileReference; lastKnownFileType = sourcecode.swift; path = MyLists.swift; sourceTree = "<group>"; };
		6918454422BD7CB20011E742 /* MovieImage.swift */ = {isa = PBXFileReference; lastKnownFileType = sourcecode.swift; path = MovieImage.swift; sourceTree = "<group>"; };
		6918454822BDF2980011E742 /* MoviePostersRow.swift */ = {isa = PBXFileReference; lastKnownFileType = sourcecode.swift; path = MoviePostersRow.swift; sourceTree = "<group>"; };
		691CE12722B58D4E00F7EDE8 /* NotificationBadge.swift */ = {isa = PBXFileReference; lastKnownFileType = sourcecode.swift; path = NotificationBadge.swift; sourceTree = "<group>"; };
		691E82CE22B54B4800170CEA /* Genre.swift */ = {isa = PBXFileReference; lastKnownFileType = sourcecode.swift; path = Genre.swift; sourceTree = "<group>"; };
		691E82D122B54BCF00170CEA /* GenreBadge.swift */ = {isa = PBXFileReference; lastKnownFileType = sourcecode.swift; path = GenreBadge.swift; sourceTree = "<group>"; };
		691E905622BF5A3D00AA23FE /* FHACondFrenchNC.otf */ = {isa = PBXFileReference; lastKnownFileType = file; path = FHACondFrenchNC.otf; sourceTree = "<group>"; };
		691E905822BF5AE800AA23FE /* Font.swift */ = {isa = PBXFileReference; lastKnownFileType = sourcecode.swift; path = Font.swift; sourceTree = "<group>"; };
		691E905A22BF6CA700AA23FE /* MovieAddToListRow.swift */ = {isa = PBXFileReference; fileEncoding = 4; lastKnownFileType = sourcecode.swift; path = MovieAddToListRow.swift; sourceTree = "<group>"; };
		6924393B22BF43D300C796CB /* MoviePostersCarouselView.swift */ = {isa = PBXFileReference; lastKnownFileType = sourcecode.swift; path = MoviePostersCarouselView.swift; sourceTree = "<group>"; };
		692AA62E22AD3DFA0054DA84 /* MoviesList.swift */ = {isa = PBXFileReference; lastKnownFileType = sourcecode.swift; path = MoviesList.swift; sourceTree = "<group>"; };
		692C57E622B8B06B00128DD3 /* BorderedButton.swift */ = {isa = PBXFileReference; lastKnownFileType = sourcecode.swift; path = BorderedButton.swift; sourceTree = "<group>"; };
		693CB0C022BB944E002D4C89 /* SearchField.swift */ = {isa = PBXFileReference; lastKnownFileType = sourcecode.swift; path = SearchField.swift; sourceTree = "<group>"; };
		694AA21C22B63B0F00F69725 /* PopularityBadge.swift */ = {isa = PBXFileReference; lastKnownFileType = sourcecode.swift; path = PopularityBadge.swift; sourceTree = "<group>"; };
		695882B022ACFB5800AFABA9 /* ImageLoader.swift */ = {isa = PBXFileReference; lastKnownFileType = sourcecode.swift; path = ImageLoader.swift; sourceTree = "<group>"; };
		695882B422AD008600AFABA9 /* TopRatedList.swift */ = {isa = PBXFileReference; lastKnownFileType = sourcecode.swift; path = TopRatedList.swift; sourceTree = "<group>"; };
		695882B722AD01C500AFABA9 /* MovieDetail.swift */ = {isa = PBXFileReference; lastKnownFileType = sourcecode.swift; path = MovieDetail.swift; sourceTree = "<group>"; };
		695882BC22AD140E00AFABA9 /* UpcomingList.swift */ = {isa = PBXFileReference; lastKnownFileType = sourcecode.swift; path = UpcomingList.swift; sourceTree = "<group>"; };
		695882BE22AD197C00AFABA9 /* Cast.swift */ = {isa = PBXFileReference; lastKnownFileType = sourcecode.swift; path = Cast.swift; sourceTree = "<group>"; };
		695882C022AD19EF00AFABA9 /* CastResponse.swift */ = {isa = PBXFileReference; lastKnownFileType = sourcecode.swift; path = CastResponse.swift; sourceTree = "<group>"; };
		695882C222AD1A1E00AFABA9 /* CastsState.swift */ = {isa = PBXFileReference; lastKnownFileType = sourcecode.swift; path = CastsState.swift; sourceTree = "<group>"; };
		695882C422AD1A4400AFABA9 /* CastsReducer.swift */ = {isa = PBXFileReference; lastKnownFileType = sourcecode.swift; path = CastsReducer.swift; sourceTree = "<group>"; };
		695882C622AD1AB500AFABA9 /* CastsActions.swift */ = {isa = PBXFileReference; lastKnownFileType = sourcecode.swift; path = CastsActions.swift; sourceTree = "<group>"; };
		695882C822AD2BC700AFABA9 /* MovieBackdrop.swift */ = {isa = PBXFileReference; lastKnownFileType = sourcecode.swift; path = MovieBackdrop.swift; sourceTree = "<group>"; };
		695882CA22AD2C4700AFABA9 /* MovieOverview.swift */ = {isa = PBXFileReference; lastKnownFileType = sourcecode.swift; path = MovieOverview.swift; sourceTree = "<group>"; };
		695882CC22AD2F3000AFABA9 /* MovieCrosslinePeopleRow.swift */ = {isa = PBXFileReference; lastKnownFileType = sourcecode.swift; path = MovieCrosslinePeopleRow.swift; sourceTree = "<group>"; };
		695BBE3E22B96FAE000C7539 /* CustomListRow.swift */ = {isa = PBXFileReference; lastKnownFileType = sourcecode.swift; path = CustomListRow.swift; sourceTree = "<group>"; };
		695D55DC22B2316C00F4E68C /* Color.swift */ = {isa = PBXFileReference; lastKnownFileType = sourcecode.swift; path = Color.swift; sourceTree = "<group>"; };
		695D55DE22B2326800F4E68C /* MoviePosterImage.swift */ = {isa = PBXFileReference; lastKnownFileType = sourcecode.swift; path = MoviePosterImage.swift; sourceTree = "<group>"; };
		696B43E622BF9E3D008B3D56 /* DiscoverFilter.swift */ = {isa = PBXFileReference; lastKnownFileType = sourcecode.swift; path = DiscoverFilter.swift; sourceTree = "<group>"; };
		696B43E822BFA286008B3D56 /* DiscoverFilterForm.swift */ = {isa = PBXFileReference; lastKnownFileType = sourcecode.swift; path = DiscoverFilterForm.swift; sourceTree = "<group>"; };
		697376E322BE9E7C00BC9A3B /* NowPlayingList.swift */ = {isa = PBXFileReference; lastKnownFileType = sourcecode.swift; path = NowPlayingList.swift; sourceTree = "<group>"; };
		697C5C1F22B6414D00BAE7B5 /* MovieRatingRow.swift */ = {isa = PBXFileReference; lastKnownFileType = sourcecode.swift; path = MovieRatingRow.swift; sourceTree = "<group>"; };
		697C5C2122B6428E00BAE7B5 /* Review.swift */ = {isa = PBXFileReference; lastKnownFileType = sourcecode.swift; path = Review.swift; sourceTree = "<group>"; };
		697C5C2422B6434A00BAE7B5 /* MovieReviews.swift */ = {isa = PBXFileReference; lastKnownFileType = sourcecode.swift; path = MovieReviews.swift; sourceTree = "<group>"; };
		697C5C2622B647CF00BAE7B5 /* ReviewRow.swift */ = {isa = PBXFileReference; lastKnownFileType = sourcecode.swift; path = ReviewRow.swift; sourceTree = "<group>"; };
		699F929D22AAD7F000825DC7 /* ImageService.swift */ = {isa = PBXFileReference; lastKnownFileType = sourcecode.swift; path = ImageService.swift; sourceTree = "<group>"; };
		69A0F56A22AEFF3C000977BB /* MovieSwift.entitlements */ = {isa = PBXFileReference; lastKnownFileType = text.plist.entitlements; path = MovieSwift.entitlements; sourceTree = "<group>"; };
		69B2560422A9BDD5009F4413 /* MovieRow.swift */ = {isa = PBXFileReference; lastKnownFileType = sourcecode.swift; path = MovieRow.swift; sourceTree = "<group>"; };
		69B2560722AAD1C1009F4413 /* Tabbar.swift */ = {isa = PBXFileReference; lastKnownFileType = sourcecode.swift; path = Tabbar.swift; sourceTree = "<group>"; };
		69B2560B22AAD1D5009F4413 /* PopularList.swift */ = {isa = PBXFileReference; lastKnownFileType = sourcecode.swift; path = PopularList.swift; sourceTree = "<group>"; };
		69D1D76C22BE57390084C692 /* MoviesHome.swift */ = {isa = PBXFileReference; lastKnownFileType = sourcecode.swift; path = MoviesHome.swift; sourceTree = "<group>"; };
		69DEA9A522B9027200DFF551 /* CustomListForm.swift */ = {isa = PBXFileReference; lastKnownFileType = sourcecode.swift; path = CustomListForm.swift; sourceTree = "<group>"; };
		69DEA9A722B904CB00DFF551 /* CustomList.swift */ = {isa = PBXFileReference; lastKnownFileType = sourcecode.swift; path = CustomList.swift; sourceTree = "<group>"; };
		69EE5F1622B638CA0053A84A /* MovieBackdropImage.swift */ = {isa = PBXFileReference; lastKnownFileType = sourcecode.swift; path = MovieBackdropImage.swift; sourceTree = "<group>"; };
		69EE5F1822B639030053A84A /* MovieBackdropInfo.swift */ = {isa = PBXFileReference; lastKnownFileType = sourcecode.swift; path = MovieBackdropInfo.swift; sourceTree = "<group>"; };
		69FB61E322BA217C00CBEEC7 /* DiscoverView.swift */ = {isa = PBXFileReference; lastKnownFileType = sourcecode.swift; path = DiscoverView.swift; sourceTree = "<group>"; };
		69FB61E522BA245100CBEEC7 /* DraggableCover.swift */ = {isa = PBXFileReference; lastKnownFileType = sourcecode.swift; path = DraggableCover.swift; sourceTree = "<group>"; };
		69FB61E722BA2A2D00CBEEC7 /* CustomListDetail.swift */ = {isa = PBXFileReference; lastKnownFileType = sourcecode.swift; path = CustomListDetail.swift; sourceTree = "<group>"; };
		69FB61EA22BA2E1900CBEEC7 /* DiscoverCoverImage.swift */ = {isa = PBXFileReference; lastKnownFileType = sourcecode.swift; path = DiscoverCoverImage.swift; sourceTree = "<group>"; };
		69FD020B22B55268003E529E /* MoviesGenreList.swift */ = {isa = PBXFileReference; lastKnownFileType = sourcecode.swift; path = MoviesGenreList.swift; sourceTree = "<group>"; };
		69FFAF7C22A99F1100801F3C /* MovieSwift.app */ = {isa = PBXFileReference; explicitFileType = wrapper.application; includeInIndex = 0; path = MovieSwift.app; sourceTree = BUILT_PRODUCTS_DIR; };
		69FFAF7F22A99F1100801F3C /* AppDelegate.swift */ = {isa = PBXFileReference; lastKnownFileType = sourcecode.swift; path = AppDelegate.swift; sourceTree = "<group>"; };
		69FFAF8122A99F1100801F3C /* SceneDelegate.swift */ = {isa = PBXFileReference; lastKnownFileType = sourcecode.swift; path = SceneDelegate.swift; sourceTree = "<group>"; };
		69FFAF8522A99F1200801F3C /* Assets.xcassets */ = {isa = PBXFileReference; lastKnownFileType = folder.assetcatalog; path = Assets.xcassets; sourceTree = "<group>"; };
		69FFAF8822A99F1200801F3C /* Preview Assets.xcassets */ = {isa = PBXFileReference; lastKnownFileType = folder.assetcatalog; path = "Preview Assets.xcassets"; sourceTree = "<group>"; };
		69FFAF8B22A99F1200801F3C /* Base */ = {isa = PBXFileReference; lastKnownFileType = file.storyboard; name = Base; path = Base.lproj/LaunchScreen.storyboard; sourceTree = "<group>"; };
		69FFAF8D22A99F1200801F3C /* Info.plist */ = {isa = PBXFileReference; lastKnownFileType = text.plist.xml; path = Info.plist; sourceTree = "<group>"; };
		69FFAF9722A9A12800801F3C /* APIService.swift */ = {isa = PBXFileReference; lastKnownFileType = sourcecode.swift; path = APIService.swift; sourceTree = "<group>"; };
		69FFAF9A22A9A66200801F3C /* Movie.swift */ = {isa = PBXFileReference; lastKnownFileType = sourcecode.swift; path = Movie.swift; sourceTree = "<group>"; };
		69FFAF9C22A9A6D500801F3C /* PaginatedResponse.swift */ = {isa = PBXFileReference; lastKnownFileType = sourcecode.swift; path = PaginatedResponse.swift; sourceTree = "<group>"; };
		69FFAFA022A9A9F600801F3C /* Reducer.swift */ = {isa = PBXFileReference; lastKnownFileType = sourcecode.swift; path = Reducer.swift; sourceTree = "<group>"; };
		69FFAFA322A9AA2600801F3C /* Action.swift */ = {isa = PBXFileReference; lastKnownFileType = sourcecode.swift; path = Action.swift; sourceTree = "<group>"; };
		69FFAFA522A9AA3500801F3C /* FluxState.swift */ = {isa = PBXFileReference; lastKnownFileType = sourcecode.swift; path = FluxState.swift; sourceTree = "<group>"; };
		69FFAFA722A9AA4900801F3C /* AppStore.swift */ = {isa = PBXFileReference; lastKnownFileType = sourcecode.swift; path = AppStore.swift; sourceTree = "<group>"; };
		69FFAFA922A9AA6500801F3C /* MoviesState.swift */ = {isa = PBXFileReference; lastKnownFileType = sourcecode.swift; path = MoviesState.swift; sourceTree = "<group>"; };
		69FFAFAB22A9AABB00801F3C /* MoviesReducer.swift */ = {isa = PBXFileReference; lastKnownFileType = sourcecode.swift; path = MoviesReducer.swift; sourceTree = "<group>"; };
		69FFAFAD22A9AB1D00801F3C /* MoviesActions.swift */ = {isa = PBXFileReference; lastKnownFileType = sourcecode.swift; path = MoviesActions.swift; sourceTree = "<group>"; };
/* End PBXFileReference section */

/* Begin PBXFrameworksBuildPhase section */
		69FFAF7922A99F1100801F3C /* Frameworks */ = {
			isa = PBXFrameworksBuildPhase;
			buildActionMask = 2147483647;
			files = (
			);
			runOnlyForDeploymentPostprocessing = 0;
		};
/* End PBXFrameworksBuildPhase section */

/* Begin PBXGroup section */
		691E905522BF5A3D00AA23FE /* fonts */ = {
			isa = PBXGroup;
			children = (
				691E905622BF5A3D00AA23FE /* FHACondFrenchNC.otf */,
			);
			path = fonts;
			sourceTree = "<group>";
		};
		692AA63022AD3FEF0054DA84 /* tabs */ = {
			isa = PBXGroup;
			children = (
				69B2560722AAD1C1009F4413 /* Tabbar.swift */,
			);
			path = tabs;
			sourceTree = "<group>";
		};
		695882B222ACFBED00AFABA9 /* binding */ = {
			isa = PBXGroup;
			children = (
				695882B022ACFB5800AFABA9 /* ImageLoader.swift */,
			);
			path = binding;
			sourceTree = "<group>";
		};
		695882B622AD01B600AFABA9 /* detail */ = {
			isa = PBXGroup;
			children = (
				697C5C2322B6433C00BAE7B5 /* reviews */,
				69EE5F1522B638AB0053A84A /* backdrop */,
				69E9149C22B1803700D6185A /* rows */,
				695882B722AD01C500AFABA9 /* MovieDetail.swift */,
				6924393B22BF43D300C796CB /* MoviePostersCarouselView.swift */,
			);
			path = detail;
			sourceTree = "<group>";
		};
		695882BB22AD10B300AFABA9 /* lists */ = {
			isa = PBXGroup;
			children = (
				69D1D76E22BE9B120084C692 /* base */,
				69D1D76F22BE9B1D0084C692 /* home */,
				69B2560E22AAD221009F4413 /* rows */,
				6915D63A22AD80EC00DF0C5F /* MyLists.swift */,
				69FD020B22B55268003E529E /* MoviesGenreList.swift */,
				6902647022B6CC8600459C2E /* MoviesCrewList.swift */,
				6902647A22B6D2B400459C2E /* MovieKeywordList.swift */,
			);
			path = lists;
			sourceTree = "<group>";
		};
		695D55DA22B2315B00F4E68C /* shared */ = {
			isa = PBXGroup;
			children = (
				69FB61E922BA2CF500CBEEC7 /* field */,
				6961612B22B96A48000002FB /* images */,
				6961612A22B96A45000002FB /* buttons */,
				6961612922B96A41000002FB /* badges */,
			);
			path = shared;
			sourceTree = "<group>";
		};
		695D55DB22B2315F00F4E68C /* extensions */ = {
			isa = PBXGroup;
			children = (
				695D55DC22B2316C00F4E68C /* Color.swift */,
				691E905822BF5AE800AA23FE /* Font.swift */,
			);
			path = extensions;
			sourceTree = "<group>";
		};
		6961612922B96A41000002FB /* badges */ = {
			isa = PBXGroup;
			children = (
				6902647822B6D04B00459C2E /* RoundedBadge.swift */,
				691E82D122B54BCF00170CEA /* GenreBadge.swift */,
				6902647622B6D04200459C2E /* KeywordBadge.swift */,
				691CE12722B58D4E00F7EDE8 /* NotificationBadge.swift */,
				694AA21C22B63B0F00F69725 /* PopularityBadge.swift */,
			);
			path = badges;
			sourceTree = "<group>";
		};
		6961612A22B96A45000002FB /* buttons */ = {
			isa = PBXGroup;
			children = (
				692C57E622B8B06B00128DD3 /* BorderedButton.swift */,
			);
			path = buttons;
			sourceTree = "<group>";
		};
		6961612B22B96A48000002FB /* images */ = {
			isa = PBXGroup;
			children = (
				695D55DE22B2326800F4E68C /* MoviePosterImage.swift */,
				6912B51022BE0F78005E51D4 /* BigMoviePosterImage.swift */,
				69EE5F1622B638CA0053A84A /* MovieBackdropImage.swift */,
			);
			path = images;
			sourceTree = "<group>";
		};
		697C5C2322B6433C00BAE7B5 /* reviews */ = {
			isa = PBXGroup;
			children = (
				697C5C2422B6434A00BAE7B5 /* MovieReviews.swift */,
				697C5C2622B647CF00BAE7B5 /* ReviewRow.swift */,
			);
			path = reviews;
			sourceTree = "<group>";
		};
		69B2560922AAD1C5009F4413 /* components */ = {
			isa = PBXGroup;
			children = (
				69FB61E222BA216D00CBEEC7 /* discover */,
				69DEA9A422B9026600DFF551 /* custom list */,
				692AA63022AD3FEF0054DA84 /* tabs */,
				695882BB22AD10B300AFABA9 /* lists */,
				695882B622AD01B600AFABA9 /* detail */,
			);
			path = components;
			sourceTree = "<group>";
		};
		69B2560E22AAD221009F4413 /* rows */ = {
			isa = PBXGroup;
			children = (
				69B2560422A9BDD5009F4413 /* MovieRow.swift */,
			);
			path = rows;
			sourceTree = "<group>";
		};
		69D1D76E22BE9B120084C692 /* base */ = {
			isa = PBXGroup;
			children = (
				692AA62E22AD3DFA0054DA84 /* MoviesList.swift */,
			);
			path = base;
			sourceTree = "<group>";
		};
		69D1D76F22BE9B1D0084C692 /* home */ = {
			isa = PBXGroup;
			children = (
				69D1D76C22BE57390084C692 /* MoviesHome.swift */,
				69B2560B22AAD1D5009F4413 /* PopularList.swift */,
				695882B422AD008600AFABA9 /* TopRatedList.swift */,
				695882BC22AD140E00AFABA9 /* UpcomingList.swift */,
				697376E322BE9E7C00BC9A3B /* NowPlayingList.swift */,
			);
			path = home;
			sourceTree = "<group>";
		};
		69DEA9A422B9026600DFF551 /* custom list */ = {
			isa = PBXGroup;
			children = (
				69DEA9A522B9027200DFF551 /* CustomListForm.swift */,
				695BBE3E22B96FAE000C7539 /* CustomListRow.swift */,
				69FB61E722BA2A2D00CBEEC7 /* CustomListDetail.swift */,
			);
			path = "custom list";
			sourceTree = "<group>";
		};
		69E9149C22B1803700D6185A /* rows */ = {
			isa = PBXGroup;
			children = (
				695882CA22AD2C4700AFABA9 /* MovieOverview.swift */,
				691E905A22BF6CA700AA23FE /* MovieAddToListRow.swift */,
				695882CC22AD2F3000AFABA9 /* MovieCrosslinePeopleRow.swift */,
				6915D63822AD42A900DF0C5F /* MovieCrosslineRow.swift */,
				6918454822BDF2980011E742 /* MoviePostersRow.swift */,
				6912B51222BE1DB4005E51D4 /* MovieBackdropsRow.swift */,
				6902647422B6CF6000459C2E /* MovieKeywords.swift */,
				697C5C1F22B6414D00BAE7B5 /* MovieRatingRow.swift */,
			);
			path = rows;
			sourceTree = "<group>";
		};
		69EE5F1522B638AB0053A84A /* backdrop */ = {
			isa = PBXGroup;
			children = (
				695882C822AD2BC700AFABA9 /* MovieBackdrop.swift */,
				69EE5F1822B639030053A84A /* MovieBackdropInfo.swift */,
			);
			path = backdrop;
			sourceTree = "<group>";
		};
		69FB61E222BA216D00CBEEC7 /* discover */ = {
			isa = PBXGroup;
			children = (
				69FB61E322BA217C00CBEEC7 /* DiscoverView.swift */,
				69FB61E522BA245100CBEEC7 /* DraggableCover.swift */,
				69FB61EA22BA2E1900CBEEC7 /* DiscoverCoverImage.swift */,
				696B43E822BFA286008B3D56 /* DiscoverFilterForm.swift */,
			);
			path = discover;
			sourceTree = "<group>";
		};
		69FB61E922BA2CF500CBEEC7 /* field */ = {
			isa = PBXGroup;
			children = (
				693CB0C022BB944E002D4C89 /* SearchField.swift */,
			);
			path = field;
			sourceTree = "<group>";
		};
		69FFAF7322A99F1100801F3C = {
			isa = PBXGroup;
			children = (
				69FFAF7E22A99F1100801F3C /* MovieSwift */,
				69FFAF7D22A99F1100801F3C /* Products */,
			);
			sourceTree = "<group>";
		};
		69FFAF7D22A99F1100801F3C /* Products */ = {
			isa = PBXGroup;
			children = (
				69FFAF7C22A99F1100801F3C /* MovieSwift.app */,
			);
			name = Products;
			sourceTree = "<group>";
		};
		69FFAF7E22A99F1100801F3C /* MovieSwift */ = {
			isa = PBXGroup;
			children = (
				69A0F56A22AEFF3C000977BB /* MovieSwift.entitlements */,
				69FFAF9322A9A0D800801F3C /* launch */,
				691E905522BF5A3D00AA23FE /* fonts */,
				69FFAF9522A9A0E300801F3C /* flux */,
				69FFAF9622A9A11A00801F3C /* services */,
				695882B222ACFBED00AFABA9 /* binding */,
				69FFAF9422A9A0DF00801F3C /* views */,
				69FFAF8522A99F1200801F3C /* Assets.xcassets */,
				69FFAF8A22A99F1200801F3C /* LaunchScreen.storyboard */,
				69FFAF8D22A99F1200801F3C /* Info.plist */,
				69FFAF8722A99F1200801F3C /* Preview Content */,
			);
			path = MovieSwift;
			sourceTree = "<group>";
		};
		69FFAF8722A99F1200801F3C /* Preview Content */ = {
			isa = PBXGroup;
			children = (
				69FFAF8822A99F1200801F3C /* Preview Assets.xcassets */,
			);
			path = "Preview Content";
			sourceTree = "<group>";
		};
		69FFAF9322A9A0D800801F3C /* launch */ = {
			isa = PBXGroup;
			children = (
				69FFAF7F22A99F1100801F3C /* AppDelegate.swift */,
				69FFAF8122A99F1100801F3C /* SceneDelegate.swift */,
			);
			path = launch;
			sourceTree = "<group>";
		};
		69FFAF9422A9A0DF00801F3C /* views */ = {
			isa = PBXGroup;
			children = (
				695D55DB22B2315F00F4E68C /* extensions */,
				695D55DA22B2315B00F4E68C /* shared */,
				69B2560922AAD1C5009F4413 /* components */,
			);
			path = views;
			sourceTree = "<group>";
		};
		69FFAF9522A9A0E300801F3C /* flux */ = {
			isa = PBXGroup;
			children = (
				69FFAFA222A9AA1E00801F3C /* actions */,
				69FFAF9F22A9A9E600801F3C /* reducers */,
				69FFAF9E22A9A9D400801F3C /* state */,
				69FFAF9922A9A1AE00801F3C /* models */,
			);
			path = flux;
			sourceTree = "<group>";
		};
		69FFAF9622A9A11A00801F3C /* services */ = {
			isa = PBXGroup;
			children = (
				69FFAF9722A9A12800801F3C /* APIService.swift */,
				699F929D22AAD7F000825DC7 /* ImageService.swift */,
			);
			path = services;
			sourceTree = "<group>";
		};
		69FFAF9922A9A1AE00801F3C /* models */ = {
			isa = PBXGroup;
			children = (
				69FFAF9A22A9A66200801F3C /* Movie.swift */,
				695882BE22AD197C00AFABA9 /* Cast.swift */,
				69FFAF9C22A9A6D500801F3C /* PaginatedResponse.swift */,
				695882C022AD19EF00AFABA9 /* CastResponse.swift */,
				691E82CE22B54B4800170CEA /* Genre.swift */,
				697C5C2122B6428E00BAE7B5 /* Review.swift */,
				6902647222B6CE3200459C2E /* Keyword.swift */,
				69DEA9A722B904CB00DFF551 /* CustomList.swift */,
				6918454422BD7CB20011E742 /* MovieImage.swift */,
				696B43E622BF9E3D008B3D56 /* DiscoverFilter.swift */,
			);
			path = models;
			sourceTree = "<group>";
		};
		69FFAF9E22A9A9D400801F3C /* state */ = {
			isa = PBXGroup;
			children = (
				69FFAFA722A9AA4900801F3C /* AppStore.swift */,
				69FFAFA522A9AA3500801F3C /* FluxState.swift */,
				69FFAFA922A9AA6500801F3C /* MoviesState.swift */,
				695882C222AD1A1E00AFABA9 /* CastsState.swift */,
			);
			path = state;
			sourceTree = "<group>";
		};
		69FFAF9F22A9A9E600801F3C /* reducers */ = {
			isa = PBXGroup;
			children = (
				69FFAFA022A9A9F600801F3C /* Reducer.swift */,
				69FFAFAB22A9AABB00801F3C /* MoviesReducer.swift */,
				695882C422AD1A4400AFABA9 /* CastsReducer.swift */,
			);
			path = reducers;
			sourceTree = "<group>";
		};
		69FFAFA222A9AA1E00801F3C /* actions */ = {
			isa = PBXGroup;
			children = (
				69FFAFA322A9AA2600801F3C /* Action.swift */,
				69FFAFAD22A9AB1D00801F3C /* MoviesActions.swift */,
				695882C622AD1AB500AFABA9 /* CastsActions.swift */,
			);
			path = actions;
			sourceTree = "<group>";
		};
/* End PBXGroup section */

/* Begin PBXNativeTarget section */
		69FFAF7B22A99F1100801F3C /* MovieSwift */ = {
			isa = PBXNativeTarget;
			buildConfigurationList = 69FFAF9022A99F1200801F3C /* Build configuration list for PBXNativeTarget "MovieSwift" */;
			buildPhases = (
				69FFAF7822A99F1100801F3C /* Sources */,
				69FFAF7922A99F1100801F3C /* Frameworks */,
				69FFAF7A22A99F1100801F3C /* Resources */,
			);
			buildRules = (
			);
			dependencies = (
			);
			name = MovieSwift;
			productName = MovieSwift;
			productReference = 69FFAF7C22A99F1100801F3C /* MovieSwift.app */;
			productType = "com.apple.product-type.application";
		};
/* End PBXNativeTarget section */

/* Begin PBXProject section */
		69FFAF7422A99F1100801F3C /* Project object */ = {
			isa = PBXProject;
			attributes = {
				LastSwiftUpdateCheck = 1100;
				LastUpgradeCheck = 1100;
				ORGANIZATIONNAME = "Thomas Ricouard";
				TargetAttributes = {
					69FFAF7B22A99F1100801F3C = {
						CreatedOnToolsVersion = 11.0;
					};
				};
			};
			buildConfigurationList = 69FFAF7722A99F1100801F3C /* Build configuration list for PBXProject "MovieSwift" */;
			compatibilityVersion = "Xcode 9.3";
			developmentRegion = en;
			hasScannedForEncodings = 0;
			knownRegions = (
				en,
				Base,
			);
			mainGroup = 69FFAF7322A99F1100801F3C;
			productRefGroup = 69FFAF7D22A99F1100801F3C /* Products */;
			projectDirPath = "";
			projectRoot = "";
			targets = (
				69FFAF7B22A99F1100801F3C /* MovieSwift */,
			);
		};
/* End PBXProject section */

/* Begin PBXResourcesBuildPhase section */
		69FFAF7A22A99F1100801F3C /* Resources */ = {
			isa = PBXResourcesBuildPhase;
			buildActionMask = 2147483647;
			files = (
				691E905722BF5A3D00AA23FE /* FHACondFrenchNC.otf in Resources */,
				69FFAF8C22A99F1200801F3C /* LaunchScreen.storyboard in Resources */,
				69FFAF8922A99F1200801F3C /* Preview Assets.xcassets in Resources */,
				69FFAF8622A99F1200801F3C /* Assets.xcassets in Resources */,
			);
			runOnlyForDeploymentPostprocessing = 0;
		};
/* End PBXResourcesBuildPhase section */

/* Begin PBXSourcesBuildPhase section */
		69FFAF7822A99F1100801F3C /* Sources */ = {
			isa = PBXSourcesBuildPhase;
			buildActionMask = 2147483647;
			files = (
				69FD020C22B55268003E529E /* MoviesGenreList.swift in Sources */,
				695D55DD22B2316C00F4E68C /* Color.swift in Sources */,
				69FFAF8022A99F1100801F3C /* AppDelegate.swift in Sources */,
				691E905B22BF6CA700AA23FE /* MovieAddToListRow.swift in Sources */,
				69D1D76D22BE57390084C692 /* MoviesHome.swift in Sources */,
				6912B51322BE1DB4005E51D4 /* MovieBackdropsRow.swift in Sources */,
				695BBE3F22B96FAE000C7539 /* CustomListRow.swift in Sources */,
				6915D63922AD42A900DF0C5F /* MovieCrosslineRow.swift in Sources */,
				696B43E922BFA286008B3D56 /* DiscoverFilterForm.swift in Sources */,
				69DEA9A822B904CB00DFF551 /* CustomList.swift in Sources */,
				693CB0C122BB944E002D4C89 /* SearchField.swift in Sources */,
				69EE5F1722B638CA0053A84A /* MovieBackdropImage.swift in Sources */,
				6902647722B6D04200459C2E /* KeywordBadge.swift in Sources */,
				695882C122AD19EF00AFABA9 /* CastResponse.swift in Sources */,
				691E905922BF5AE800AA23FE /* Font.swift in Sources */,
				699F929E22AAD7F000825DC7 /* ImageService.swift in Sources */,
				69FFAFA822A9AA4900801F3C /* AppStore.swift in Sources */,
				69FFAF8222A99F1100801F3C /* SceneDelegate.swift in Sources */,
				69FFAF9D22A9A6D500801F3C /* PaginatedResponse.swift in Sources */,
				695882C722AD1AB500AFABA9 /* CastsActions.swift in Sources */,
				695882CD22AD2F3000AFABA9 /* MovieCrosslinePeopleRow.swift in Sources */,
				69FFAF9822A9A12800801F3C /* APIService.swift in Sources */,
				6924393C22BF43D300C796CB /* MoviePostersCarouselView.swift in Sources */,
				69FB61E822BA2A2D00CBEEC7 /* CustomListDetail.swift in Sources */,
				6902647922B6D04B00459C2E /* RoundedBadge.swift in Sources */,
				695882CB22AD2C4700AFABA9 /* MovieOverview.swift in Sources */,
				6912B51122BE0F78005E51D4 /* BigMoviePosterImage.swift in Sources */,
				69FFAFA122A9A9F600801F3C /* Reducer.swift in Sources */,
				6918454922BDF2980011E742 /* MoviePostersRow.swift in Sources */,
				696B43E722BF9E3D008B3D56 /* DiscoverFilter.swift in Sources */,
				69B2560822AAD1C1009F4413 /* Tabbar.swift in Sources */,
				697C5C2722B647CF00BAE7B5 /* ReviewRow.swift in Sources */,
				69FFAFA422A9AA2600801F3C /* Action.swift in Sources */,
				69FFAFA622A9AA3500801F3C /* FluxState.swift in Sources */,
				6915D63B22AD80EC00DF0C5F /* MyLists.swift in Sources */,
				69FFAFAC22A9AABB00801F3C /* MoviesReducer.swift in Sources */,
				69EE5F1922B639030053A84A /* MovieBackdropInfo.swift in Sources */,
				69DEA9A622B9027200DFF551 /* CustomListForm.swift in Sources */,
				697C5C2022B6414D00BAE7B5 /* MovieRatingRow.swift in Sources */,
				69B2560C22AAD1D5009F4413 /* PopularList.swift in Sources */,
				697C5C2222B6428E00BAE7B5 /* Review.swift in Sources */,
				6902647322B6CE3200459C2E /* Keyword.swift in Sources */,
				69FB61EB22BA2E1900CBEEC7 /* DiscoverCoverImage.swift in Sources */,
				695882BD22AD140E00AFABA9 /* UpcomingList.swift in Sources */,
				691E82D222B54BCF00170CEA /* GenreBadge.swift in Sources */,
				6918454522BD7CB20011E742 /* MovieImage.swift in Sources */,
				695882B822AD01C500AFABA9 /* MovieDetail.swift in Sources */,
				692AA62F22AD3DFA0054DA84 /* MoviesList.swift in Sources */,
				695882B122ACFB5800AFABA9 /* ImageLoader.swift in Sources */,
				692C57E722B8B06B00128DD3 /* BorderedButton.swift in Sources */,
				69FFAFAA22A9AA6500801F3C /* MoviesState.swift in Sources */,
				69FB61E422BA217C00CBEEC7 /* DiscoverView.swift in Sources */,
				6902647B22B6D2B400459C2E /* MovieKeywordList.swift in Sources */,
				697376E422BE9E7C00BC9A3B /* NowPlayingList.swift in Sources */,
				697C5C2522B6434A00BAE7B5 /* MovieReviews.swift in Sources */,
				69FB61E622BA245100CBEEC7 /* DraggableCover.swift in Sources */,
				694AA21D22B63B0F00F69725 /* PopularityBadge.swift in Sources */,
				6902647522B6CF6000459C2E /* MovieKeywords.swift in Sources */,
				695882BF22AD197C00AFABA9 /* Cast.swift in Sources */,
				69B2560522A9BDD5009F4413 /* MovieRow.swift in Sources */,
				691CE12822B58D4E00F7EDE8 /* NotificationBadge.swift in Sources */,
				69FFAF9B22A9A66200801F3C /* Movie.swift in Sources */,
				691E82CF22B54B4800170CEA /* Genre.swift in Sources */,
				695882B522AD008600AFABA9 /* TopRatedList.swift in Sources */,
				6902647122B6CC8600459C2E /* MoviesCrewList.swift in Sources */,
				695882C522AD1A4400AFABA9 /* CastsReducer.swift in Sources */,
				69FFAFAE22A9AB1D00801F3C /* MoviesActions.swift in Sources */,
				695D55DF22B2326800F4E68C /* MoviePosterImage.swift in Sources */,
				695882C922AD2BC700AFABA9 /* MovieBackdrop.swift in Sources */,
				695882C322AD1A1E00AFABA9 /* CastsState.swift in Sources */,
			);
			runOnlyForDeploymentPostprocessing = 0;
		};
/* End PBXSourcesBuildPhase section */

/* Begin PBXVariantGroup section */
		69FFAF8A22A99F1200801F3C /* LaunchScreen.storyboard */ = {
			isa = PBXVariantGroup;
			children = (
				69FFAF8B22A99F1200801F3C /* Base */,
			);
			name = LaunchScreen.storyboard;
			sourceTree = "<group>";
		};
/* End PBXVariantGroup section */

/* Begin XCBuildConfiguration section */
		69FFAF8E22A99F1200801F3C /* Debug */ = {
			isa = XCBuildConfiguration;
			buildSettings = {
				ALWAYS_SEARCH_USER_PATHS = NO;
				CLANG_ANALYZER_NONNULL = YES;
				CLANG_ANALYZER_NUMBER_OBJECT_CONVERSION = YES_AGGRESSIVE;
				CLANG_CXX_LANGUAGE_STANDARD = "gnu++14";
				CLANG_CXX_LIBRARY = "libc++";
				CLANG_ENABLE_MODULES = YES;
				CLANG_ENABLE_OBJC_ARC = YES;
				CLANG_ENABLE_OBJC_WEAK = YES;
				CLANG_WARN_BLOCK_CAPTURE_AUTORELEASING = YES;
				CLANG_WARN_BOOL_CONVERSION = YES;
				CLANG_WARN_COMMA = YES;
				CLANG_WARN_CONSTANT_CONVERSION = YES;
				CLANG_WARN_DEPRECATED_OBJC_IMPLEMENTATIONS = YES;
				CLANG_WARN_DIRECT_OBJC_ISA_USAGE = YES_ERROR;
				CLANG_WARN_DOCUMENTATION_COMMENTS = YES;
				CLANG_WARN_EMPTY_BODY = YES;
				CLANG_WARN_ENUM_CONVERSION = YES;
				CLANG_WARN_INFINITE_RECURSION = YES;
				CLANG_WARN_INT_CONVERSION = YES;
				CLANG_WARN_NON_LITERAL_NULL_CONVERSION = YES;
				CLANG_WARN_OBJC_IMPLICIT_RETAIN_SELF = YES;
				CLANG_WARN_OBJC_LITERAL_CONVERSION = YES;
				CLANG_WARN_OBJC_ROOT_CLASS = YES_ERROR;
				CLANG_WARN_RANGE_LOOP_ANALYSIS = YES;
				CLANG_WARN_STRICT_PROTOTYPES = YES;
				CLANG_WARN_SUSPICIOUS_MOVE = YES;
				CLANG_WARN_UNGUARDED_AVAILABILITY = YES_AGGRESSIVE;
				CLANG_WARN_UNREACHABLE_CODE = YES;
				CLANG_WARN__DUPLICATE_METHOD_MATCH = YES;
				COPY_PHASE_STRIP = NO;
				DEBUG_INFORMATION_FORMAT = dwarf;
				ENABLE_STRICT_OBJC_MSGSEND = YES;
				ENABLE_TESTABILITY = YES;
				GCC_C_LANGUAGE_STANDARD = gnu11;
				GCC_DYNAMIC_NO_PIC = NO;
				GCC_NO_COMMON_BLOCKS = YES;
				GCC_OPTIMIZATION_LEVEL = 0;
				GCC_PREPROCESSOR_DEFINITIONS = (
					"DEBUG=1",
					"$(inherited)",
				);
				GCC_WARN_64_TO_32_BIT_CONVERSION = YES;
				GCC_WARN_ABOUT_RETURN_TYPE = YES_ERROR;
				GCC_WARN_UNDECLARED_SELECTOR = YES;
				GCC_WARN_UNINITIALIZED_AUTOS = YES_AGGRESSIVE;
				GCC_WARN_UNUSED_FUNCTION = YES;
				GCC_WARN_UNUSED_VARIABLE = YES;
				IPHONEOS_DEPLOYMENT_TARGET = 13.0;
				MTL_ENABLE_DEBUG_INFO = INCLUDE_SOURCE;
				MTL_FAST_MATH = YES;
				ONLY_ACTIVE_ARCH = YES;
				SDKROOT = iphoneos;
				SWIFT_ACTIVE_COMPILATION_CONDITIONS = DEBUG;
				SWIFT_OPTIMIZATION_LEVEL = "-Onone";
			};
			name = Debug;
		};
		69FFAF8F22A99F1200801F3C /* Release */ = {
			isa = XCBuildConfiguration;
			buildSettings = {
				ALWAYS_SEARCH_USER_PATHS = NO;
				CLANG_ANALYZER_NONNULL = YES;
				CLANG_ANALYZER_NUMBER_OBJECT_CONVERSION = YES_AGGRESSIVE;
				CLANG_CXX_LANGUAGE_STANDARD = "gnu++14";
				CLANG_CXX_LIBRARY = "libc++";
				CLANG_ENABLE_MODULES = YES;
				CLANG_ENABLE_OBJC_ARC = YES;
				CLANG_ENABLE_OBJC_WEAK = YES;
				CLANG_WARN_BLOCK_CAPTURE_AUTORELEASING = YES;
				CLANG_WARN_BOOL_CONVERSION = YES;
				CLANG_WARN_COMMA = YES;
				CLANG_WARN_CONSTANT_CONVERSION = YES;
				CLANG_WARN_DEPRECATED_OBJC_IMPLEMENTATIONS = YES;
				CLANG_WARN_DIRECT_OBJC_ISA_USAGE = YES_ERROR;
				CLANG_WARN_DOCUMENTATION_COMMENTS = YES;
				CLANG_WARN_EMPTY_BODY = YES;
				CLANG_WARN_ENUM_CONVERSION = YES;
				CLANG_WARN_INFINITE_RECURSION = YES;
				CLANG_WARN_INT_CONVERSION = YES;
				CLANG_WARN_NON_LITERAL_NULL_CONVERSION = YES;
				CLANG_WARN_OBJC_IMPLICIT_RETAIN_SELF = YES;
				CLANG_WARN_OBJC_LITERAL_CONVERSION = YES;
				CLANG_WARN_OBJC_ROOT_CLASS = YES_ERROR;
				CLANG_WARN_RANGE_LOOP_ANALYSIS = YES;
				CLANG_WARN_STRICT_PROTOTYPES = YES;
				CLANG_WARN_SUSPICIOUS_MOVE = YES;
				CLANG_WARN_UNGUARDED_AVAILABILITY = YES_AGGRESSIVE;
				CLANG_WARN_UNREACHABLE_CODE = YES;
				CLANG_WARN__DUPLICATE_METHOD_MATCH = YES;
				COPY_PHASE_STRIP = NO;
				DEBUG_INFORMATION_FORMAT = "dwarf-with-dsym";
				ENABLE_NS_ASSERTIONS = NO;
				ENABLE_STRICT_OBJC_MSGSEND = YES;
				GCC_C_LANGUAGE_STANDARD = gnu11;
				GCC_NO_COMMON_BLOCKS = YES;
				GCC_WARN_64_TO_32_BIT_CONVERSION = YES;
				GCC_WARN_ABOUT_RETURN_TYPE = YES_ERROR;
				GCC_WARN_UNDECLARED_SELECTOR = YES;
				GCC_WARN_UNINITIALIZED_AUTOS = YES_AGGRESSIVE;
				GCC_WARN_UNUSED_FUNCTION = YES;
				GCC_WARN_UNUSED_VARIABLE = YES;
				IPHONEOS_DEPLOYMENT_TARGET = 13.0;
				MTL_ENABLE_DEBUG_INFO = NO;
				MTL_FAST_MATH = YES;
				SDKROOT = iphoneos;
				SWIFT_COMPILATION_MODE = wholemodule;
				SWIFT_OPTIMIZATION_LEVEL = "-O";
				VALIDATE_PRODUCT = YES;
			};
			name = Release;
		};
		69FFAF9122A99F1200801F3C /* Debug */ = {
			isa = XCBuildConfiguration;
			buildSettings = {
				ASSETCATALOG_COMPILER_APPICON_NAME = AppIcon;
				CODE_SIGN_ENTITLEMENTS = MovieSwift/MovieSwift.entitlements;
				CODE_SIGN_IDENTITY = "Apple Development";
				"CODE_SIGN_IDENTITY[sdk=macosx*]" = "Apple Development";
				CODE_SIGN_STYLE = Automatic;
				CURRENT_PROJECT_VERSION = 1245;
				DERIVE_UIKITFORMAC_PRODUCT_BUNDLE_IDENTIFIER = YES;
				DEVELOPMENT_ASSET_PATHS = "MovieSwift/Preview\\ Content";
				DEVELOPMENT_TEAM = Z6P74P6T99;
				ENABLE_PREVIEWS = YES;
				INFOPLIST_FILE = MovieSwift/Info.plist;
				LD_RUNPATH_SEARCH_PATHS = (
					"$(inherited)",
					"@executable_path/Frameworks",
				);
				MARKETING_VERSION = 0.4;
				PRODUCT_BUNDLE_IDENTIFIER = "com.thomasricouard.film-o-matic";
				PRODUCT_NAME = "$(TARGET_NAME)";
				PROVISIONING_PROFILE_SPECIFIER = "";
				"PROVISIONING_PROFILE_SPECIFIER[sdk=macosx*]" = "";
				SUPPORTS_UIKITFORMAC = YES;
				SWIFT_VERSION = 5.0;
				TARGETED_DEVICE_FAMILY = "1,2";
			};
			name = Debug;
		};
		69FFAF9222A99F1200801F3C /* Release */ = {
			isa = XCBuildConfiguration;
			buildSettings = {
				ASSETCATALOG_COMPILER_APPICON_NAME = AppIcon;
				CODE_SIGN_ENTITLEMENTS = MovieSwift/MovieSwift.entitlements;
				CODE_SIGN_IDENTITY = "Apple Development";
				"CODE_SIGN_IDENTITY[sdk=macosx*]" = "Apple Development";
				CODE_SIGN_STYLE = Automatic;
				CURRENT_PROJECT_VERSION = 1245;
				DERIVE_UIKITFORMAC_PRODUCT_BUNDLE_IDENTIFIER = YES;
				DEVELOPMENT_ASSET_PATHS = "MovieSwift/Preview\\ Content";
				DEVELOPMENT_TEAM = Z6P74P6T99;
				ENABLE_PREVIEWS = YES;
				INFOPLIST_FILE = MovieSwift/Info.plist;
				LD_RUNPATH_SEARCH_PATHS = (
					"$(inherited)",
					"@executable_path/Frameworks",
				);
				MARKETING_VERSION = 0.4;
				PRODUCT_BUNDLE_IDENTIFIER = "com.thomasricouard.film-o-matic";
				PRODUCT_NAME = "$(TARGET_NAME)";
				PROVISIONING_PROFILE_SPECIFIER = "";
				"PROVISIONING_PROFILE_SPECIFIER[sdk=macosx*]" = "";
				SUPPORTS_UIKITFORMAC = YES;
				SWIFT_VERSION = 5.0;
				TARGETED_DEVICE_FAMILY = "1,2";
			};
			name = Release;
		};
/* End XCBuildConfiguration section */

/* Begin XCConfigurationList section */
		69FFAF7722A99F1100801F3C /* Build configuration list for PBXProject "MovieSwift" */ = {
			isa = XCConfigurationList;
			buildConfigurations = (
				69FFAF8E22A99F1200801F3C /* Debug */,
				69FFAF8F22A99F1200801F3C /* Release */,
			);
			defaultConfigurationIsVisible = 0;
			defaultConfigurationName = Release;
		};
		69FFAF9022A99F1200801F3C /* Build configuration list for PBXNativeTarget "MovieSwift" */ = {
			isa = XCConfigurationList;
			buildConfigurations = (
				69FFAF9122A99F1200801F3C /* Debug */,
				69FFAF9222A99F1200801F3C /* Release */,
			);
			defaultConfigurationIsVisible = 0;
			defaultConfigurationName = Release;
		};
/* End XCConfigurationList section */
	};
	rootObject = 69FFAF7422A99F1100801F3C /* Project object */;
}
