// !$*UTF8*$!
{
	archiveVersion = 1;
	classes = {
	};
	objectVersion = 50;
	objects = {

/* Begin PBXBuildFile section */
		69FFAF8022A99F1100801F3C /* AppDelegate.swift in Sources */ = {isa = PBXBuildFile; fileRef = 69FFAF7F22A99F1100801F3C /* AppDelegate.swift */; };
		69FFAF8222A99F1100801F3C /* SceneDelegate.swift in Sources */ = {isa = PBXBuildFile; fileRef = 69FFAF8122A99F1100801F3C /* SceneDelegate.swift */; };
		69FFAF8422A99F1100801F3C /* ContentView.swift in Sources */ = {isa = PBXBuildFile; fileRef = 69FFAF8322A99F1100801F3C /* ContentView.swift */; };
		69FFAF8622A99F1200801F3C /* Assets.xcassets in Resources */ = {isa = PBXBuildFile; fileRef = 69FFAF8522A99F1200801F3C /* Assets.xcassets */; };
		69FFAF8922A99F1200801F3C /* Preview Assets.xcassets in Resources */ = {isa = PBXBuildFile; fileRef = 69FFAF8822A99F1200801F3C /* Preview Assets.xcassets */; };
		69FFAF8C22A99F1200801F3C /* LaunchScreen.storyboard in Resources */ = {isa = PBXBuildFile; fileRef = 69FFAF8A22A99F1200801F3C /* LaunchScreen.storyboard */; };
		69FFAF9822A9A12800801F3C /* APIService.swift in Sources */ = {isa = PBXBuildFile; fileRef = 69FFAF9722A9A12800801F3C /* APIService.swift */; };
		69FFAF9B22A9A66200801F3C /* Movie.swift in Sources */ = {isa = PBXBuildFile; fileRef = 69FFAF9A22A9A66200801F3C /* Movie.swift */; };
		69FFAF9D22A9A6D500801F3C /* PaginatedResponse.swift in Sources */ = {isa = PBXBuildFile; fileRef = 69FFAF9C22A9A6D500801F3C /* PaginatedResponse.swift */; };
		69FFAFA122A9A9F600801F3C /* Reducer.swift in Sources */ = {isa = PBXBuildFile; fileRef = 69FFAFA022A9A9F600801F3C /* Reducer.swift */; };
		69FFAFA422A9AA2600801F3C /* Action.swift in Sources */ = {isa = PBXBuildFile; fileRef = 69FFAFA322A9AA2600801F3C /* Action.swift */; };
		69FFAFA622A9AA3500801F3C /* FluxState.swift in Sources */ = {isa = PBXBuildFile; fileRef = 69FFAFA522A9AA3500801F3C /* FluxState.swift */; };
		69FFAFA822A9AA4900801F3C /* AppState.swift in Sources */ = {isa = PBXBuildFile; fileRef = 69FFAFA722A9AA4900801F3C /* AppState.swift */; };
		69FFAFAA22A9AA6500801F3C /* MoviesState.swift in Sources */ = {isa = PBXBuildFile; fileRef = 69FFAFA922A9AA6500801F3C /* MoviesState.swift */; };
		69FFAFAC22A9AABB00801F3C /* MoviesStateReducer.swift in Sources */ = {isa = PBXBuildFile; fileRef = 69FFAFAB22A9AABB00801F3C /* MoviesStateReducer.swift */; };
		69FFAFAE22A9AB1D00801F3C /* MoviesAction.swift in Sources */ = {isa = PBXBuildFile; fileRef = 69FFAFAD22A9AB1D00801F3C /* MoviesAction.swift */; };
/* End PBXBuildFile section */

/* Begin PBXFileReference section */
		69FFAF7C22A99F1100801F3C /* MovieSwift.app */ = {isa = PBXFileReference; explicitFileType = wrapper.application; includeInIndex = 0; path = MovieSwift.app; sourceTree = BUILT_PRODUCTS_DIR; };
		69FFAF7F22A99F1100801F3C /* AppDelegate.swift */ = {isa = PBXFileReference; lastKnownFileType = sourcecode.swift; path = AppDelegate.swift; sourceTree = "<group>"; };
		69FFAF8122A99F1100801F3C /* SceneDelegate.swift */ = {isa = PBXFileReference; lastKnownFileType = sourcecode.swift; path = SceneDelegate.swift; sourceTree = "<group>"; };
		69FFAF8322A99F1100801F3C /* ContentView.swift */ = {isa = PBXFileReference; lastKnownFileType = sourcecode.swift; path = ContentView.swift; sourceTree = "<group>"; };
		69FFAF8522A99F1200801F3C /* Assets.xcassets */ = {isa = PBXFileReference; lastKnownFileType = folder.assetcatalog; path = Assets.xcassets; sourceTree = "<group>"; };
		69FFAF8822A99F1200801F3C /* Preview Assets.xcassets */ = {isa = PBXFileReference; lastKnownFileType = folder.assetcatalog; path = "Preview Assets.xcassets"; sourceTree = "<group>"; };
		69FFAF8B22A99F1200801F3C /* Base */ = {isa = PBXFileReference; lastKnownFileType = file.storyboard; name = Base; path = Base.lproj/LaunchScreen.storyboard; sourceTree = "<group>"; };
		69FFAF8D22A99F1200801F3C /* Info.plist */ = {isa = PBXFileReference; lastKnownFileType = text.plist.xml; path = Info.plist; sourceTree = "<group>"; };
		69FFAF9722A9A12800801F3C /* APIService.swift */ = {isa = PBXFileReference; lastKnownFileType = sourcecode.swift; path = APIService.swift; sourceTree = "<group>"; };
		69FFAF9A22A9A66200801F3C /* Movie.swift */ = {isa = PBXFileReference; lastKnownFileType = sourcecode.swift; path = Movie.swift; sourceTree = "<group>"; };
		69FFAF9C22A9A6D500801F3C /* PaginatedResponse.swift */ = {isa = PBXFileReference; lastKnownFileType = sourcecode.swift; path = PaginatedResponse.swift; sourceTree = "<group>"; };
		69FFAFA022A9A9F600801F3C /* Reducer.swift */ = {isa = PBXFileReference; lastKnownFileType = sourcecode.swift; path = Reducer.swift; sourceTree = "<group>"; };
		69FFAFA322A9AA2600801F3C /* Action.swift */ = {isa = PBXFileReference; lastKnownFileType = sourcecode.swift; path = Action.swift; sourceTree = "<group>"; };
		69FFAFA522A9AA3500801F3C /* FluxState.swift */ = {isa = PBXFileReference; lastKnownFileType = sourcecode.swift; path = FluxState.swift; sourceTree = "<group>"; };
		69FFAFA722A9AA4900801F3C /* AppState.swift */ = {isa = PBXFileReference; lastKnownFileType = sourcecode.swift; path = AppState.swift; sourceTree = "<group>"; };
		69FFAFA922A9AA6500801F3C /* MoviesState.swift */ = {isa = PBXFileReference; lastKnownFileType = sourcecode.swift; path = MoviesState.swift; sourceTree = "<group>"; };
		69FFAFAB22A9AABB00801F3C /* MoviesStateReducer.swift */ = {isa = PBXFileReference; lastKnownFileType = sourcecode.swift; path = MoviesStateReducer.swift; sourceTree = "<group>"; };
		69FFAFAD22A9AB1D00801F3C /* MoviesAction.swift */ = {isa = PBXFileReference; lastKnownFileType = sourcecode.swift; path = MoviesAction.swift; sourceTree = "<group>"; };
/* End PBXFileReference section */

/* Begin PBXFrameworksBuildPhase section */
		69FFAF7922A99F1100801F3C /* Frameworks */ = {
			isa = PBXFrameworksBuildPhase;
			buildActionMask = 2147483647;
			files = (
			);
			runOnlyForDeploymentPostprocessing = 0;
		};
/* End PBXFrameworksBuildPhase section */

/* Begin PBXGroup section */
		69FFAF7322A99F1100801F3C = {
			isa = PBXGroup;
			children = (
				69FFAF7E22A99F1100801F3C /* MovieSwift */,
				69FFAF7D22A99F1100801F3C /* Products */,
			);
			sourceTree = "<group>";
		};
		69FFAF7D22A99F1100801F3C /* Products */ = {
			isa = PBXGroup;
			children = (
				69FFAF7C22A99F1100801F3C /* MovieSwift.app */,
			);
			name = Products;
			sourceTree = "<group>";
		};
		69FFAF7E22A99F1100801F3C /* MovieSwift */ = {
			isa = PBXGroup;
			children = (
				69FFAF9322A9A0D800801F3C /* launch */,
				69FFAF9522A9A0E300801F3C /* flux */,
				69FFAF9622A9A11A00801F3C /* services */,
				69FFAF9422A9A0DF00801F3C /* views */,
				69FFAF8522A99F1200801F3C /* Assets.xcassets */,
				69FFAF8A22A99F1200801F3C /* LaunchScreen.storyboard */,
				69FFAF8D22A99F1200801F3C /* Info.plist */,
				69FFAF8722A99F1200801F3C /* Preview Content */,
			);
			path = MovieSwift;
			sourceTree = "<group>";
		};
		69FFAF8722A99F1200801F3C /* Preview Content */ = {
			isa = PBXGroup;
			children = (
				69FFAF8822A99F1200801F3C /* Preview Assets.xcassets */,
			);
			path = "Preview Content";
			sourceTree = "<group>";
		};
		69FFAF9322A9A0D800801F3C /* launch */ = {
			isa = PBXGroup;
			children = (
				69FFAF7F22A99F1100801F3C /* AppDelegate.swift */,
				69FFAF8122A99F1100801F3C /* SceneDelegate.swift */,
			);
			path = launch;
			sourceTree = "<group>";
		};
		69FFAF9422A9A0DF00801F3C /* views */ = {
			isa = PBXGroup;
			children = (
				69FFAF8322A99F1100801F3C /* ContentView.swift */,
			);
			path = views;
			sourceTree = "<group>";
		};
		69FFAF9522A9A0E300801F3C /* flux */ = {
			isa = PBXGroup;
			children = (
				69FFAFA222A9AA1E00801F3C /* actions */,
				69FFAF9F22A9A9E600801F3C /* reducers */,
				69FFAF9E22A9A9D400801F3C /* state */,
				69FFAF9922A9A1AE00801F3C /* models */,
			);
			path = flux;
			sourceTree = "<group>";
		};
		69FFAF9622A9A11A00801F3C /* services */ = {
			isa = PBXGroup;
			children = (
				69FFAF9722A9A12800801F3C /* APIService.swift */,
			);
			path = services;
			sourceTree = "<group>";
		};
		69FFAF9922A9A1AE00801F3C /* models */ = {
			isa = PBXGroup;
			children = (
				69FFAF9A22A9A66200801F3C /* Movie.swift */,
				69FFAF9C22A9A6D500801F3C /* PaginatedResponse.swift */,
			);
			path = models;
			sourceTree = "<group>";
		};
		69FFAF9E22A9A9D400801F3C /* state */ = {
			isa = PBXGroup;
			children = (
				69FFAFA522A9AA3500801F3C /* FluxState.swift */,
				69FFAFA722A9AA4900801F3C /* AppState.swift */,
				69FFAFA922A9AA6500801F3C /* MoviesState.swift */,
			);
			path = state;
			sourceTree = "<group>";
		};
		69FFAF9F22A9A9E600801F3C /* reducers */ = {
			isa = PBXGroup;
			children = (
				69FFAFA022A9A9F600801F3C /* Reducer.swift */,
				69FFAFAB22A9AABB00801F3C /* MoviesStateReducer.swift */,
			);
			path = reducers;
			sourceTree = "<group>";
		};
		69FFAFA222A9AA1E00801F3C /* actions */ = {
			isa = PBXGroup;
			children = (
				69FFAFA322A9AA2600801F3C /* Action.swift */,
				69FFAFAD22A9AB1D00801F3C /* MoviesAction.swift */,
			);
			path = actions;
			sourceTree = "<group>";
		};
/* End PBXGroup section */

/* Begin PBXNativeTarget section */
		69FFAF7B22A99F1100801F3C /* MovieSwift */ = {
			isa = PBXNativeTarget;
			buildConfigurationList = 69FFAF9022A99F1200801F3C /* Build configuration list for PBXNativeTarget "MovieSwift" */;
			buildPhases = (
				69FFAF7822A99F1100801F3C /* Sources */,
				69FFAF7922A99F1100801F3C /* Frameworks */,
				69FFAF7A22A99F1100801F3C /* Resources */,
			);
			buildRules = (
			);
			dependencies = (
			);
			name = MovieSwift;
			productName = MovieSwift;
			productReference = 69FFAF7C22A99F1100801F3C /* MovieSwift.app */;
			productType = "com.apple.product-type.application";
		};
/* End PBXNativeTarget section */

/* Begin PBXProject section */
		69FFAF7422A99F1100801F3C /* Project object */ = {
			isa = PBXProject;
			attributes = {
				LastSwiftUpdateCheck = 1100;
				LastUpgradeCheck = 1100;
				ORGANIZATIONNAME = "Thomas Ricouard";
				TargetAttributes = {
					69FFAF7B22A99F1100801F3C = {
						CreatedOnToolsVersion = 11.0;
					};
				};
			};
			buildConfigurationList = 69FFAF7722A99F1100801F3C /* Build configuration list for PBXProject "MovieSwift" */;
			compatibilityVersion = "Xcode 9.3";
			developmentRegion = en;
			hasScannedForEncodings = 0;
			knownRegions = (
				en,
				Base,
			);
			mainGroup = 69FFAF7322A99F1100801F3C;
			productRefGroup = 69FFAF7D22A99F1100801F3C /* Products */;
			projectDirPath = "";
			projectRoot = "";
			targets = (
				69FFAF7B22A99F1100801F3C /* MovieSwift */,
			);
		};
/* End PBXProject section */

/* Begin PBXResourcesBuildPhase section */
		69FFAF7A22A99F1100801F3C /* Resources */ = {
			isa = PBXResourcesBuildPhase;
			buildActionMask = 2147483647;
			files = (
				69FFAF8C22A99F1200801F3C /* LaunchScreen.storyboard in Resources */,
				69FFAF8922A99F1200801F3C /* Preview Assets.xcassets in Resources */,
				69FFAF8622A99F1200801F3C /* Assets.xcassets in Resources */,
			);
			runOnlyForDeploymentPostprocessing = 0;
		};
/* End PBXResourcesBuildPhase section */

/* Begin PBXSourcesBuildPhase section */
		69FFAF7822A99F1100801F3C /* Sources */ = {
			isa = PBXSourcesBuildPhase;
			buildActionMask = 2147483647;
			files = (
				69FFAF8022A99F1100801F3C /* AppDelegate.swift in Sources */,
				69FFAFA822A9AA4900801F3C /* AppState.swift in Sources */,
				69FFAF8222A99F1100801F3C /* SceneDelegate.swift in Sources */,
				69FFAF9D22A9A6D500801F3C /* PaginatedResponse.swift in Sources */,
				69FFAF9822A9A12800801F3C /* APIService.swift in Sources */,
				69FFAFA122A9A9F600801F3C /* Reducer.swift in Sources */,
				69FFAFA422A9AA2600801F3C /* Action.swift in Sources */,
				69FFAF8422A99F1100801F3C /* ContentView.swift in Sources */,
				69FFAFA622A9AA3500801F3C /* FluxState.swift in Sources */,
				69FFAFAC22A9AABB00801F3C /* MoviesStateReducer.swift in Sources */,
				69FFAFAA22A9AA6500801F3C /* MoviesState.swift in Sources */,
				69FFAF9B22A9A66200801F3C /* Movie.swift in Sources */,
				69FFAFAE22A9AB1D00801F3C /* MoviesAction.swift in Sources */,
			);
			runOnlyForDeploymentPostprocessing = 0;
		};
/* End PBXSourcesBuildPhase section */

/* Begin PBXVariantGroup section */
		69FFAF8A22A99F1200801F3C /* LaunchScreen.storyboard */ = {
			isa = PBXVariantGroup;
			children = (
				69FFAF8B22A99F1200801F3C /* Base */,
			);
			name = LaunchScreen.storyboard;
			sourceTree = "<group>";
		};
/* End PBXVariantGroup section */

/* Begin XCBuildConfiguration section */
		69FFAF8E22A99F1200801F3C /* Debug */ = {
			isa = XCBuildConfiguration;
			buildSettings = {
				ALWAYS_SEARCH_USER_PATHS = NO;
				CLANG_ANALYZER_NONNULL = YES;
				CLANG_ANALYZER_NUMBER_OBJECT_CONVERSION = YES_AGGRESSIVE;
				CLANG_CXX_LANGUAGE_STANDARD = "gnu++14";
				CLANG_CXX_LIBRARY = "libc++";
				CLANG_ENABLE_MODULES = YES;
				CLANG_ENABLE_OBJC_ARC = YES;
				CLANG_ENABLE_OBJC_WEAK = YES;
				CLANG_WARN_BLOCK_CAPTURE_AUTORELEASING = YES;
				CLANG_WARN_BOOL_CONVERSION = YES;
				CLANG_WARN_COMMA = YES;
				CLANG_WARN_CONSTANT_CONVERSION = YES;
				CLANG_WARN_DEPRECATED_OBJC_IMPLEMENTATIONS = YES;
				CLANG_WARN_DIRECT_OBJC_ISA_USAGE = YES_ERROR;
				CLANG_WARN_DOCUMENTATION_COMMENTS = YES;
				CLANG_WARN_EMPTY_BODY = YES;
				CLANG_WARN_ENUM_CONVERSION = YES;
				CLANG_WARN_INFINITE_RECURSION = YES;
				CLANG_WARN_INT_CONVERSION = YES;
				CLANG_WARN_NON_LITERAL_NULL_CONVERSION = YES;
				CLANG_WARN_OBJC_IMPLICIT_RETAIN_SELF = YES;
				CLANG_WARN_OBJC_LITERAL_CONVERSION = YES;
				CLANG_WARN_OBJC_ROOT_CLASS = YES_ERROR;
				CLANG_WARN_RANGE_LOOP_ANALYSIS = YES;
				CLANG_WARN_STRICT_PROTOTYPES = YES;
				CLANG_WARN_SUSPICIOUS_MOVE = YES;
				CLANG_WARN_UNGUARDED_AVAILABILITY = YES_AGGRESSIVE;
				CLANG_WARN_UNREACHABLE_CODE = YES;
				CLANG_WARN__DUPLICATE_METHOD_MATCH = YES;
				COPY_PHASE_STRIP = NO;
				DEBUG_INFORMATION_FORMAT = dwarf;
				ENABLE_STRICT_OBJC_MSGSEND = YES;
				ENABLE_TESTABILITY = YES;
				GCC_C_LANGUAGE_STANDARD = gnu11;
				GCC_DYNAMIC_NO_PIC = NO;
				GCC_NO_COMMON_BLOCKS = YES;
				GCC_OPTIMIZATION_LEVEL = 0;
				GCC_PREPROCESSOR_DEFINITIONS = (
					"DEBUG=1",
					"$(inherited)",
				);
				GCC_WARN_64_TO_32_BIT_CONVERSION = YES;
				GCC_WARN_ABOUT_RETURN_TYPE = YES_ERROR;
				GCC_WARN_UNDECLARED_SELECTOR = YES;
				GCC_WARN_UNINITIALIZED_AUTOS = YES_AGGRESSIVE;
				GCC_WARN_UNUSED_FUNCTION = YES;
				GCC_WARN_UNUSED_VARIABLE = YES;
				IPHONEOS_DEPLOYMENT_TARGET = 13.0;
				MTL_ENABLE_DEBUG_INFO = INCLUDE_SOURCE;
				MTL_FAST_MATH = YES;
				ONLY_ACTIVE_ARCH = YES;
				SDKROOT = iphoneos;
				SWIFT_ACTIVE_COMPILATION_CONDITIONS = DEBUG;
				SWIFT_OPTIMIZATION_LEVEL = "-Onone";
			};
			name = Debug;
		};
		69FFAF8F22A99F1200801F3C /* Release */ = {
			isa = XCBuildConfiguration;
			buildSettings = {
				ALWAYS_SEARCH_USER_PATHS = NO;
				CLANG_ANALYZER_NONNULL = YES;
				CLANG_ANALYZER_NUMBER_OBJECT_CONVERSION = YES_AGGRESSIVE;
				CLANG_CXX_LANGUAGE_STANDARD = "gnu++14";
				CLANG_CXX_LIBRARY = "libc++";
				CLANG_ENABLE_MODULES = YES;
				CLANG_ENABLE_OBJC_ARC = YES;
				CLANG_ENABLE_OBJC_WEAK = YES;
				CLANG_WARN_BLOCK_CAPTURE_AUTORELEASING = YES;
				CLANG_WARN_BOOL_CONVERSION = YES;
				CLANG_WARN_COMMA = YES;
				CLANG_WARN_CONSTANT_CONVERSION = YES;
				CLANG_WARN_DEPRECATED_OBJC_IMPLEMENTATIONS = YES;
				CLANG_WARN_DIRECT_OBJC_ISA_USAGE = YES_ERROR;
				CLANG_WARN_DOCUMENTATION_COMMENTS = YES;
				CLANG_WARN_EMPTY_BODY = YES;
				CLANG_WARN_ENUM_CONVERSION = YES;
				CLANG_WARN_INFINITE_RECURSION = YES;
				CLANG_WARN_INT_CONVERSION = YES;
				CLANG_WARN_NON_LITERAL_NULL_CONVERSION = YES;
				CLANG_WARN_OBJC_IMPLICIT_RETAIN_SELF = YES;
				CLANG_WARN_OBJC_LITERAL_CONVERSION = YES;
				CLANG_WARN_OBJC_ROOT_CLASS = YES_ERROR;
				CLANG_WARN_RANGE_LOOP_ANALYSIS = YES;
				CLANG_WARN_STRICT_PROTOTYPES = YES;
				CLANG_WARN_SUSPICIOUS_MOVE = YES;
				CLANG_WARN_UNGUARDED_AVAILABILITY = YES_AGGRESSIVE;
				CLANG_WARN_UNREACHABLE_CODE = YES;
				CLANG_WARN__DUPLICATE_METHOD_MATCH = YES;
				COPY_PHASE_STRIP = NO;
				DEBUG_INFORMATION_FORMAT = "dwarf-with-dsym";
				ENABLE_NS_ASSERTIONS = NO;
				ENABLE_STRICT_OBJC_MSGSEND = YES;
				GCC_C_LANGUAGE_STANDARD = gnu11;
				GCC_NO_COMMON_BLOCKS = YES;
				GCC_WARN_64_TO_32_BIT_CONVERSION = YES;
				GCC_WARN_ABOUT_RETURN_TYPE = YES_ERROR;
				GCC_WARN_UNDECLARED_SELECTOR = YES;
				GCC_WARN_UNINITIALIZED_AUTOS = YES_AGGRESSIVE;
				GCC_WARN_UNUSED_FUNCTION = YES;
				GCC_WARN_UNUSED_VARIABLE = YES;
				IPHONEOS_DEPLOYMENT_TARGET = 13.0;
				MTL_ENABLE_DEBUG_INFO = NO;
				MTL_FAST_MATH = YES;
				SDKROOT = iphoneos;
				SWIFT_COMPILATION_MODE = wholemodule;
				SWIFT_OPTIMIZATION_LEVEL = "-O";
				VALIDATE_PRODUCT = YES;
			};
			name = Release;
		};
		69FFAF9122A99F1200801F3C /* Debug */ = {
			isa = XCBuildConfiguration;
			buildSettings = {
				ASSETCATALOG_COMPILER_APPICON_NAME = AppIcon;
				CODE_SIGN_STYLE = Automatic;
				DEVELOPMENT_ASSET_PATHS = "MovieSwift/Preview\\ Content";
				DEVELOPMENT_TEAM = Z6P74P6T99;
				ENABLE_PREVIEWS = YES;
				INFOPLIST_FILE = MovieSwift/Info.plist;
				LD_RUNPATH_SEARCH_PATHS = (
					"$(inherited)",
					"@executable_path/Frameworks",
				);
				PRODUCT_BUNDLE_IDENTIFIER = com.thomasricouard.MovieSwift;
				PRODUCT_NAME = "$(TARGET_NAME)";
				SWIFT_VERSION = 5.0;
				TARGETED_DEVICE_FAMILY = "1,2";
			};
			name = Debug;
		};
		69FFAF9222A99F1200801F3C /* Release */ = {
			isa = XCBuildConfiguration;
			buildSettings = {
				ASSETCATALOG_COMPILER_APPICON_NAME = AppIcon;
				CODE_SIGN_STYLE = Automatic;
				DEVELOPMENT_ASSET_PATHS = "MovieSwift/Preview\\ Content";
				DEVELOPMENT_TEAM = Z6P74P6T99;
				ENABLE_PREVIEWS = YES;
				INFOPLIST_FILE = MovieSwift/Info.plist;
				LD_RUNPATH_SEARCH_PATHS = (
					"$(inherited)",
					"@executable_path/Frameworks",
				);
				PRODUCT_BUNDLE_IDENTIFIER = com.thomasricouard.MovieSwift;
				PRODUCT_NAME = "$(TARGET_NAME)";
				SWIFT_VERSION = 5.0;
				TARGETED_DEVICE_FAMILY = "1,2";
			};
			name = Release;
		};
/* End XCBuildConfiguration section */

/* Begin XCConfigurationList section */
		69FFAF7722A99F1100801F3C /* Build configuration list for PBXProject "MovieSwift" */ = {
			isa = XCConfigurationList;
			buildConfigurations = (
				69FFAF8E22A99F1200801F3C /* Debug */,
				69FFAF8F22A99F1200801F3C /* Release */,
			);
			defaultConfigurationIsVisible = 0;
			defaultConfigurationName = Release;
		};
		69FFAF9022A99F1200801F3C /* Build configuration list for PBXNativeTarget "MovieSwift" */ = {
			isa = XCConfigurationList;
			buildConfigurations = (
				69FFAF9122A99F1200801F3C /* Debug */,
				69FFAF9222A99F1200801F3C /* Release */,
			);
			defaultConfigurationIsVisible = 0;
			defaultConfigurationName = Release;
		};
/* End XCConfigurationList section */
	};
	rootObject = 69FFAF7422A99F1100801F3C /* Project object */;
}
